// !$*UTF8*$!
{
	archiveVersion = 1;
	classes = {
	};
	objectVersion = 56;
	objects = {

/* Begin PBXBuildFile section */
		6D6F02F929D6DA6500E333CC /* Brukere.swift in Sources */ = {isa = PBXBuildFile; fileRef = 6D6F02F829D6DA6500E333CC /* Brukere.swift */; };
		6D6F02FD29D6FB2100E333CC /* Produkter.swift in Sources */ = {isa = PBXBuildFile; fileRef = 6D6F02FC29D6FB2100E333CC /* Produkter.swift */; };
		6D6F030329D84FFD00E333CC /* LoginSide.swift in Sources */ = {isa = PBXBuildFile; fileRef = 6D6F030229D84FFD00E333CC /* LoginSide.swift */; };
		6DF186FF29DA16D6000D1DAD /* Handlevogn.swift in Sources */ = {isa = PBXBuildFile; fileRef = 6DF186FE29DA16D6000D1DAD /* Handlevogn.swift */; };
		6DF70A6D29D1C2D500F9F5C6 /* NettButikkAPPApp.swift in Sources */ = {isa = PBXBuildFile; fileRef = 6DF70A6C29D1C2D500F9F5C6 /* NettButikkAPPApp.swift */; };
		6DF70A6F29D1C2D500F9F5C6 /* ContentView.swift in Sources */ = {isa = PBXBuildFile; fileRef = 6DF70A6E29D1C2D500F9F5C6 /* ContentView.swift */; };
		6DF70A7129D1C2D600F9F5C6 /* Assets.xcassets in Resources */ = {isa = PBXBuildFile; fileRef = 6DF70A7029D1C2D600F9F5C6 /* Assets.xcassets */; };
		6DF70A7529D1C2D600F9F5C6 /* Preview Assets.xcassets in Resources */ = {isa = PBXBuildFile; fileRef = 6DF70A7429D1C2D600F9F5C6 /* Preview Assets.xcassets */; };
/* End PBXBuildFile section */

/* Begin PBXFileReference section */
		6D6F02F829D6DA6500E333CC /* Brukere.swift */ = {isa = PBXFileReference; lastKnownFileType = sourcecode.swift; path = Brukere.swift; sourceTree = "<group>"; };
		6D6F02FC29D6FB2100E333CC /* Produkter.swift */ = {isa = PBXFileReference; lastKnownFileType = sourcecode.swift; path = Produkter.swift; sourceTree = "<group>"; };
		6D6F030229D84FFD00E333CC /* LoginSide.swift */ = {isa = PBXFileReference; lastKnownFileType = sourcecode.swift; path = LoginSide.swift; sourceTree = "<group>"; };
		6DF186FE29DA16D6000D1DAD /* Handlevogn.swift */ = {isa = PBXFileReference; lastKnownFileType = sourcecode.swift; name = Handlevogn.swift; path = ../Handlevogn.swift; sourceTree = "<group>"; };
		6DF70A6929D1C2D500F9F5C6 /* NettButikkAPP.app */ = {isa = PBXFileReference; explicitFileType = wrapper.application; includeInIndex = 0; path = NettButikkAPP.app; sourceTree = BUILT_PRODUCTS_DIR; };
		6DF70A6C29D1C2D500F9F5C6 /* NettButikkAPPApp.swift */ = {isa = PBXFileReference; lastKnownFileType = sourcecode.swift; path = NettButikkAPPApp.swift; sourceTree = "<group>"; };
		6DF70A6E29D1C2D500F9F5C6 /* ContentView.swift */ = {isa = PBXFileReference; lastKnownFileType = sourcecode.swift; path = ContentView.swift; sourceTree = "<group>"; };
		6DF70A7029D1C2D600F9F5C6 /* Assets.xcassets */ = {isa = PBXFileReference; lastKnownFileType = folder.assetcatalog; path = Assets.xcassets; sourceTree = "<group>"; };
		6DF70A7229D1C2D600F9F5C6 /* NettButikkAPP.entitlements */ = {isa = PBXFileReference; lastKnownFileType = text.plist.entitlements; path = NettButikkAPP.entitlements; sourceTree = "<group>"; };
		6DF70A7429D1C2D600F9F5C6 /* Preview Assets.xcassets */ = {isa = PBXFileReference; lastKnownFileType = folder.assetcatalog; path = "Preview Assets.xcassets"; sourceTree = "<group>"; };
/* End PBXFileReference section */

/* Begin PBXFrameworksBuildPhase section */
		6DF70A6629D1C2D500F9F5C6 /* Frameworks */ = {
			isa = PBXFrameworksBuildPhase;
			buildActionMask = 2147483647;
			files = (
			);
			runOnlyForDeploymentPostprocessing = 0;
		};
/* End PBXFrameworksBuildPhase section */

/* Begin PBXGroup section */
		6DF70A6029D1C2D500F9F5C6 = {
			isa = PBXGroup;
			children = (
				6DF70A6B29D1C2D500F9F5C6 /* NettButikkAPP */,
				6DF70A6A29D1C2D500F9F5C6 /* Products */,
			);
			sourceTree = "<group>";
		};
		6DF70A6A29D1C2D500F9F5C6 /* Products */ = {
			isa = PBXGroup;
			children = (
				6DF70A6929D1C2D500F9F5C6 /* NettButikkAPP.app */,
			);
			name = Products;
			sourceTree = "<group>";
		};
		6DF70A6B29D1C2D500F9F5C6 /* NettButikkAPP */ = {
			isa = PBXGroup;
			children = (
				6D6F030229D84FFD00E333CC /* LoginSide.swift */,
				6DF186FE29DA16D6000D1DAD /* Handlevogn.swift */,
				6D6F02FC29D6FB2100E333CC /* Produkter.swift */,
				6D6F02F829D6DA6500E333CC /* Brukere.swift */,
				6DF70A6C29D1C2D500F9F5C6 /* NettButikkAPPApp.swift */,
				6DF70A6E29D1C2D500F9F5C6 /* ContentView.swift */,
				6DF70A7029D1C2D600F9F5C6 /* Assets.xcassets */,
				6DF70A7229D1C2D600F9F5C6 /* NettButikkAPP.entitlements */,
				6DF70A7329D1C2D600F9F5C6 /* Preview Content */,
			);
			path = NettButikkAPP;
			sourceTree = "<group>";
		};
		6DF70A7329D1C2D600F9F5C6 /* Preview Content */ = {
			isa = PBXGroup;
			children = (
				6DF70A7429D1C2D600F9F5C6 /* Preview Assets.xcassets */,
			);
			path = "Preview Content";
			sourceTree = "<group>";
		};
/* End PBXGroup section */

/* Begin PBXNativeTarget section */
		6DF70A6829D1C2D500F9F5C6 /* NettButikkAPP */ = {
			isa = PBXNativeTarget;
			buildConfigurationList = 6DF70A7829D1C2D600F9F5C6 /* Build configuration list for PBXNativeTarget "NettButikkAPP" */;
			buildPhases = (
				6DF70A6529D1C2D500F9F5C6 /* Sources */,
				6DF70A6629D1C2D500F9F5C6 /* Frameworks */,
				6DF70A6729D1C2D500F9F5C6 /* Resources */,
			);
			buildRules = (
			);
			dependencies = (
			);
			name = NettButikkAPP;
			productName = NettButikkAPP;
			productReference = 6DF70A6929D1C2D500F9F5C6 /* NettButikkAPP.app */;
			productType = "com.apple.product-type.application";
		};
/* End PBXNativeTarget section */

/* Begin PBXProject section */
		6DF70A6129D1C2D500F9F5C6 /* Project object */ = {
			isa = PBXProject;
			attributes = {
				BuildIndependentTargetsInParallel = 1;
				LastSwiftUpdateCheck = 1420;
				LastUpgradeCheck = 1420;
				TargetAttributes = {
					6DF70A6829D1C2D500F9F5C6 = {
						CreatedOnToolsVersion = 14.2;
					};
				};
			};
			buildConfigurationList = 6DF70A6429D1C2D500F9F5C6 /* Build configuration list for PBXProject "NettButikkAPP" */;
			compatibilityVersion = "Xcode 14.0";
			developmentRegion = en;
			hasScannedForEncodings = 0;
			knownRegions = (
				en,
				Base,
			);
			mainGroup = 6DF70A6029D1C2D500F9F5C6;
			productRefGroup = 6DF70A6A29D1C2D500F9F5C6 /* Products */;
			projectDirPath = "";
			projectRoot = "";
			targets = (
				6DF70A6829D1C2D500F9F5C6 /* NettButikkAPP */,
			);
		};
/* End PBXProject section */

/* Begin PBXResourcesBuildPhase section */
		6DF70A6729D1C2D500F9F5C6 /* Resources */ = {
			isa = PBXResourcesBuildPhase;
			buildActionMask = 2147483647;
			files = (
				6DF70A7529D1C2D600F9F5C6 /* Preview Assets.xcassets in Resources */,
				6DF70A7129D1C2D600F9F5C6 /* Assets.xcassets in Resources */,
			);
			runOnlyForDeploymentPostprocessing = 0;
		};
/* End PBXResourcesBuildPhase section */

/* Begin PBXSourcesBuildPhase section */
		6DF70A6529D1C2D500F9F5C6 /* Sources */ = {
			isa = PBXSourcesBuildPhase;
			buildActionMask = 2147483647;
			files = (
				6D6F030329D84FFD00E333CC /* LoginSide.swift in Sources */,
				6DF70A6F29D1C2D500F9F5C6 /* ContentView.swift in Sources */,
				6D6F02F929D6DA6500E333CC /* Brukere.swift in Sources */,
				6DF70A6D29D1C2D500F9F5C6 /* NettButikkAPPApp.swift in Sources */,
				6D6F02FD29D6FB2100E333CC /* Produkter.swift in Sources */,
				6DF186FF29DA16D6000D1DAD /* Handlevogn.swift in Sources */,
			);
			runOnlyForDeploymentPostprocessing = 0;
		};
/* End PBXSourcesBuildPhase section */

/* Begin XCBuildConfiguration section */
		6DF70A7629D1C2D600F9F5C6 /* Debug */ = {
			isa = XCBuildConfiguration;
			buildSettings = {
				ALWAYS_SEARCH_USER_PATHS = NO;
				CLANG_ANALYZER_NONNULL = YES;
				CLANG_ANALYZER_NUMBER_OBJECT_CONVERSION = YES_AGGRESSIVE;
				CLANG_CXX_LANGUAGE_STANDARD = "gnu++20";
				CLANG_ENABLE_MODULES = YES;
				CLANG_ENABLE_OBJC_ARC = YES;
				CLANG_ENABLE_OBJC_WEAK = YES;
				CLANG_WARN_BLOCK_CAPTURE_AUTORELEASING = YES;
				CLANG_WARN_BOOL_CONVERSION = YES;
				CLANG_WARN_COMMA = YES;
				CLANG_WARN_CONSTANT_CONVERSION = YES;
				CLANG_WARN_DEPRECATED_OBJC_IMPLEMENTATIONS = YES;
				CLANG_WARN_DIRECT_OBJC_ISA_USAGE = YES_ERROR;
				CLANG_WARN_DOCUMENTATION_COMMENTS = YES;
				CLANG_WARN_EMPTY_BODY = YES;
				CLANG_WARN_ENUM_CONVERSION = YES;
				CLANG_WARN_INFINITE_RECURSION = YES;
				CLANG_WARN_INT_CONVERSION = YES;
				CLANG_WARN_NON_LITERAL_NULL_CONVERSION = YES;
				CLANG_WARN_OBJC_IMPLICIT_RETAIN_SELF = YES;
				CLANG_WARN_OBJC_LITERAL_CONVERSION = YES;
				CLANG_WARN_OBJC_ROOT_CLASS = YES_ERROR;
				CLANG_WARN_QUOTED_INCLUDE_IN_FRAMEWORK_HEADER = YES;
				CLANG_WARN_RANGE_LOOP_ANALYSIS = YES;
				CLANG_WARN_STRICT_PROTOTYPES = YES;
				CLANG_WARN_SUSPICIOUS_MOVE = YES;
				CLANG_WARN_UNGUARDED_AVAILABILITY = YES_AGGRESSIVE;
				CLANG_WARN_UNREACHABLE_CODE = YES;
				CLANG_WARN__DUPLICATE_METHOD_MATCH = YES;
				COPY_PHASE_STRIP = NO;
				DEBUG_INFORMATION_FORMAT = dwarf;
				ENABLE_STRICT_OBJC_MSGSEND = YES;
				ENABLE_TESTABILITY = YES;
				GCC_C_LANGUAGE_STANDARD = gnu11;
				GCC_DYNAMIC_NO_PIC = NO;
				GCC_NO_COMMON_BLOCKS = YES;
				GCC_OPTIMIZATION_LEVEL = 0;
				GCC_PREPROCESSOR_DEFINITIONS = (
					"DEBUG=1",
					"$(inherited)",
				);
				GCC_WARN_64_TO_32_BIT_CONVERSION = YES;
				GCC_WARN_ABOUT_RETURN_TYPE = YES_ERROR;
				GCC_WARN_UNDECLARED_SELECTOR = YES;
				GCC_WARN_UNINITIALIZED_AUTOS = YES_AGGRESSIVE;
				GCC_WARN_UNUSED_FUNCTION = YES;
				GCC_WARN_UNUSED_VARIABLE = YES;
				MTL_ENABLE_DEBUG_INFO = INCLUDE_SOURCE;
				MTL_FAST_MATH = YES;
				ONLY_ACTIVE_ARCH = YES;
				SWIFT_ACTIVE_COMPILATION_CONDITIONS = DEBUG;
				SWIFT_OPTIMIZATION_LEVEL = "-Onone";
			};
			name = Debug;
		};
		6DF70A7729D1C2D600F9F5C6 /* Release */ = {
			isa = XCBuildConfiguration;
			buildSettings = {
				ALWAYS_SEARCH_USER_PATHS = NO;
				CLANG_ANALYZER_NONNULL = YES;
				CLANG_ANALYZER_NUMBER_OBJECT_CONVERSION = YES_AGGRESSIVE;
				CLANG_CXX_LANGUAGE_STANDARD = "gnu++20";
				CLANG_ENABLE_MODULES = YES;
				CLANG_ENABLE_OBJC_ARC = YES;
				CLANG_ENABLE_OBJC_WEAK = YES;
				CLANG_WARN_BLOCK_CAPTURE_AUTORELEASING = YES;
				CLANG_WARN_BOOL_CONVERSION = YES;
				CLANG_WARN_COMMA = YES;
				CLANG_WARN_CONSTANT_CONVERSION = YES;
				CLANG_WARN_DEPRECATED_OBJC_IMPLEMENTATIONS = YES;
				CLANG_WARN_DIRECT_OBJC_ISA_USAGE = YES_ERROR;
				CLANG_WARN_DOCUMENTATION_COMMENTS = YES;
				CLANG_WARN_EMPTY_BODY = YES;
				CLANG_WARN_ENUM_CONVERSION = YES;
				CLANG_WARN_INFINITE_RECURSION = YES;
				CLANG_WARN_INT_CONVERSION = YES;
				CLANG_WARN_NON_LITERAL_NULL_CONVERSION = YES;
				CLANG_WARN_OBJC_IMPLICIT_RETAIN_SELF = YES;
				CLANG_WARN_OBJC_LITERAL_CONVERSION = YES;
				CLANG_WARN_OBJC_ROOT_CLASS = YES_ERROR;
				CLANG_WARN_QUOTED_INCLUDE_IN_FRAMEWORK_HEADER = YES;
				CLANG_WARN_RANGE_LOOP_ANALYSIS = YES;
				CLANG_WARN_STRICT_PROTOTYPES = YES;
				CLANG_WARN_SUSPICIOUS_MOVE = YES;
				CLANG_WARN_UNGUARDED_AVAILABILITY = YES_AGGRESSIVE;
				CLANG_WARN_UNREACHABLE_CODE = YES;
				CLANG_WARN__DUPLICATE_METHOD_MATCH = YES;
				COPY_PHASE_STRIP = NO;
				DEBUG_INFORMATION_FORMAT = "dwarf-with-dsym";
				ENABLE_NS_ASSERTIONS = NO;
				ENABLE_STRICT_OBJC_MSGSEND = YES;
				GCC_C_LANGUAGE_STANDARD = gnu11;
				GCC_NO_COMMON_BLOCKS = YES;
				GCC_WARN_64_TO_32_BIT_CONVERSION = YES;
				GCC_WARN_ABOUT_RETURN_TYPE = YES_ERROR;
				GCC_WARN_UNDECLARED_SELECTOR = YES;
				GCC_WARN_UNINITIALIZED_AUTOS = YES_AGGRESSIVE;
				GCC_WARN_UNUSED_FUNCTION = YES;
				GCC_WARN_UNUSED_VARIABLE = YES;
				MTL_ENABLE_DEBUG_INFO = NO;
				MTL_FAST_MATH = YES;
				SWIFT_COMPILATION_MODE = wholemodule;
				SWIFT_OPTIMIZATION_LEVEL = "-O";
			};
			name = Release;
		};
		6DF70A7929D1C2D600F9F5C6 /* Debug */ = {
			isa = XCBuildConfiguration;
			buildSettings = {
				ASSETCATALOG_COMPILER_APPICON_NAME = AppIcon;
				ASSETCATALOG_COMPILER_GLOBAL_ACCENT_COLOR_NAME = AccentColor;
				CODE_SIGN_ENTITLEMENTS = NettButikkAPP/NettButikkAPP.entitlements;
				CODE_SIGN_STYLE = Automatic;
				CURRENT_PROJECT_VERSION = 1;
				DEVELOPMENT_ASSET_PATHS = "\"NettButikkAPP/Preview Content\"";
				DEVELOPMENT_TEAM = T78DBQ6P4N;
				ENABLE_HARDENED_RUNTIME = YES;
				ENABLE_PREVIEWS = YES;
				GENERATE_INFOPLIST_FILE = YES;
				"INFOPLIST_KEY_UIApplicationSceneManifest_Generation[sdk=iphoneos*]" = YES;
				"INFOPLIST_KEY_UIApplicationSceneManifest_Generation[sdk=iphonesimulator*]" = YES;
				"INFOPLIST_KEY_UIApplicationSupportsIndirectInputEvents[sdk=iphoneos*]" = YES;
				"INFOPLIST_KEY_UIApplicationSupportsIndirectInputEvents[sdk=iphonesimulator*]" = YES;
				"INFOPLIST_KEY_UILaunchScreen_Generation[sdk=iphoneos*]" = YES;
				"INFOPLIST_KEY_UILaunchScreen_Generation[sdk=iphonesimulator*]" = YES;
				"INFOPLIST_KEY_UIStatusBarStyle[sdk=iphoneos*]" = UIStatusBarStyleDefault;
				"INFOPLIST_KEY_UIStatusBarStyle[sdk=iphonesimulator*]" = UIStatusBarStyleDefault;
				INFOPLIST_KEY_UISupportedInterfaceOrientations_iPad = "UIInterfaceOrientationPortrait UIInterfaceOrientationPortraitUpsideDown UIInterfaceOrientationLandscapeLeft UIInterfaceOrientationLandscapeRight";
				INFOPLIST_KEY_UISupportedInterfaceOrientations_iPhone = "UIInterfaceOrientationPortrait UIInterfaceOrientationLandscapeLeft UIInterfaceOrientationLandscapeRight";
				IPHONEOS_DEPLOYMENT_TARGET = 16.2;
				LD_RUNPATH_SEARCH_PATHS = "@executable_path/Frameworks";
				"LD_RUNPATH_SEARCH_PATHS[sdk=macosx*]" = "@executable_path/../Frameworks";
				MACOSX_DEPLOYMENT_TARGET = 13.1;
				MARKETING_VERSION = 1.0;
				PRODUCT_BUNDLE_IDENTIFIER = w.NettButikkAPP;
				PRODUCT_NAME = "$(TARGET_NAME)";
				SDKROOT = auto;
				SUPPORTED_PLATFORMS = "iphoneos iphonesimulator macosx";
				SWIFT_EMIT_LOC_STRINGS = YES;
				SWIFT_VERSION = 5.0;
				TARGETED_DEVICE_FAMILY = "1,2";
			};
			name = Debug;
		};
		6DF70A7A29D1C2D600F9F5C6 /* Release */ = {
			isa = XCBuildConfiguration;
			buildSettings = {
				ASSETCATALOG_COMPILER_APPICON_NAME = AppIcon;
				ASSETCATALOG_COMPILER_GLOBAL_ACCENT_COLOR_NAME = AccentColor;
				CODE_SIGN_ENTITLEMENTS = NettButikkAPP/NettButikkAPP.entitlements;
				CODE_SIGN_STYLE = Automatic;
				CURRENT_PROJECT_VERSION = 1;
				DEVELOPMENT_ASSET_PATHS = "\"NettButikkAPP/Preview Content\"";
				DEVELOPMENT_TEAM = T78DBQ6P4N;
				ENABLE_HARDENED_RUNTIME = YES;
				ENABLE_PREVIEWS = YES;
				GENERATE_INFOPLIST_FILE = YES;
				"INFOPLIST_KEY_UIApplicationSceneManifest_Generation[sdk=iphoneos*]" = YES;
				"INFOPLIST_KEY_UIApplicationSceneManifest_Generation[sdk=iphonesimulator*]" = YES;
				"INFOPLIST_KEY_UIApplicationSupportsIndirectInputEvents[sdk=iphoneos*]" = YES;
				"INFOPLIST_KEY_UIApplicationSupportsIndirectInputEvents[sdk=iphonesimulator*]" = YES;
				"INFOPLIST_KEY_UILaunchScreen_Generation[sdk=iphoneos*]" = YES;
				"INFOPLIST_KEY_UILaunchScreen_Generation[sdk=iphonesimulator*]" = YES;
				"INFOPLIST_KEY_UIStatusBarStyle[sdk=iphoneos*]" = UIStatusBarStyleDefault;
				"INFOPLIST_KEY_UIStatusBarStyle[sdk=iphonesimulator*]" = UIStatusBarStyleDefault;
				INFOPLIST_KEY_UISupportedInterfaceOrientations_iPad = "UIInterfaceOrientationPortrait UIInterfaceOrientationPortraitUpsideDown UIInterfaceOrientationLandscapeLeft UIInterfaceOrientationLandscapeRight";
				INFOPLIST_KEY_UISupportedInterfaceOrientations_iPhone = "UIInterfaceOrientationPortrait UIInterfaceOrientationLandscapeLeft UIInterfaceOrientationLandscapeRight";
				IPHONEOS_DEPLOYMENT_TARGET = 16.2;
				LD_RUNPATH_SEARCH_PATHS = "@executable_path/Frameworks";
				"LD_RUNPATH_SEARCH_PATHS[sdk=macosx*]" = "@executable_path/../Frameworks";
				MACOSX_DEPLOYMENT_TARGET = 13.1;
				MARKETING_VERSION = 1.0;
				PRODUCT_BUNDLE_IDENTIFIER = w.NettButikkAPP;
				PRODUCT_NAME = "$(TARGET_NAME)";
				SDKROOT = auto;
				SUPPORTED_PLATFORMS = "iphoneos iphonesimulator macosx";
				SWIFT_EMIT_LOC_STRINGS = YES;
				SWIFT_VERSION = 5.0;
				TARGETED_DEVICE_FAMILY = "1,2";
			};
			name = Release;
		};
/* End XCBuildConfiguration section */

/* Begin XCConfigurationList section */
		6DF70A6429D1C2D500F9F5C6 /* Build configuration list for PBXProject "NettButikkAPP" */ = {
			isa = XCConfigurationList;
			buildConfigurations = (
				6DF70A7629D1C2D600F9F5C6 /* Debug */,
				6DF70A7729D1C2D600F9F5C6 /* Release */,
			);
			defaultConfigurationIsVisible = 0;
			defaultConfigurationName = Release;
		};
		6DF70A7829D1C2D600F9F5C6 /* Build configuration list for PBXNativeTarget "NettButikkAPP" */ = {
			isa = XCConfigurationList;
			buildConfigurations = (
				6DF70A7929D1C2D600F9F5C6 /* Debug */,
				6DF70A7A29D1C2D600F9F5C6 /* Release */,
			);
			defaultConfigurationIsVisible = 0;
			defaultConfigurationName = Release;
		};
/* End XCConfigurationList section */
	};
	rootObject = 6DF70A6129D1C2D500F9F5C6 /* Project object */;
}
